github.com/gorilla/mux v1.8.1 h1:TuBL49tXwgrFYWhqrNgrUNTE92UQjuUCuTZAYAuQiA4=
github.com/gorilla/mux v1.8.1/go.mod h1:AKf9I4AEqPTmMytcMc0KjfuqOtq+BAXRmfUG9GqJ8dQ=
github.com/sirupsen/logrus v1.9.3 h1:dueUQJ1C2q9eEjd5uWpR1Tq74Glb+u9kqxc2bj7aU9M=
github.com/sirupsen/logrus v1.9.3/go.mod h1:naHLuLoDiP4jHNo9R0sCBMtWGeIprob74mVsIT4qByE=
gopkg.in/yaml.v3 v3.0.1 h1:fxVm/GzAzEWqLHuvctI91KS9hhNmmWOoWu0XTYJS7CA=
gopkg.in/yaml.v3 v3.0.1/go.mod h1:K4uyk7z7BCEPqu6E+C64Yfv1cQ7kz7rIZviUmN+EgEM=
golang.org/x/sys v0.0.0-20220715151400-c0bba94af5f8 h1:0A+M6Uqn+Eje4kHMK80XJ6zJJeHbyjA3gZ6e6Ht0Hec=
golang.org/x/sys v0.0.0-20220715151400-c0bba94af5f8/go.mod h1:oPkhp1MJrh7nUaeCBla5XZ3m8X3HsT/4+2QyZG5mAA4=
